
Microsoft Visual Studio Solution File, Format Version 12.00
# Visual Studio Version 17
VisualStudioVersion = 17.13.35913.81 d17.13
MinimumVisualStudioVersion = 10.0.40219.1
Project("{FAE04EC0-301F-11D3-BF4B-00C04F79EFBC}") = "QLSV", "QLSV.csproj", "{7A9567D4-883D-4F68-A838-FABBA52FC16B}"
EndProject
Global
	GlobalSection(SolutionConfigurationPlatforms) = preSolution
		Debug|Any CPU = Debug|Any CPU
		Release|Any CPU = Release|Any CPU
	EndGlobalSection
	GlobalSection(ProjectConfigurationPlatforms) = postSolution
		{7A9567D4-883D-4F68-A838-FABBA52FC16B}.Debug|Any CPU.ActiveCfg = Debug|Any CPU
		{7A9567D4-883D-4F68-A838-FABBA52FC16B}.Debug|Any CPU.Build.0 = Debug|Any CPU
		{7A9567D4-883D-4F68-A838-FABBA52FC16B}.Release|Any CPU.ActiveCfg = Release|Any CPU
		{7A9567D4-883D-4F68-A838-FABBA52FC16B}.Release|Any CPU.Build.0 = Release|Any CPU
	EndGlobalSection
	GlobalSection(SolutionProperties) = preSolution
		HideSolutionNode = FALSE
	EndGlobalSection
	GlobalSection(ExtensibilityGlobals) = postSolution
		SolutionGuid = {5D8F16B9-5A92-4CEA-975D-FFE9318862D2}
	EndGlobalSection
EndGlobal
